{
  "name": "codegraph",
  "version": "0.1.0",
  "lockfileVersion": 3,
  "requires": true,
  "packages": {
    "": {
      "name": "codegraph",
      "version": "0.1.0",
      "workspaces": [
        "apps/*",
        "packages/*"
      ],
      "devDependencies": {
        "@types/node": "^24.3.0",
        "typescript": "^5.9.2"
      },
      "engines": {
        "node": ">=20"
      }
    },
    "apps/ide-vscode": {
      "name": "codegraph-ide-vscode",
      "version": "0.1.0",
      "license": "MIT",
      "dependencies": {
        "@codegraph/core": "0.1.0"
      },
      "devDependencies": {
        "@types/vscode": "^1.105.0"
      },
      "engines": {
        "vscode": "^1.90.0"
      }
    },
    "apps/runtime": {
      "name": "@codegraph/runtime",
      "version": "0.1.0",
      "dependencies": {
        "@codegraph/core": "0.1.0",
        "@codegraph/model-gateway": "0.1.0"
      },
      "bin": {
        "codegraph-runtime": "dist/index.js"
      }
    },
    "node_modules/@codegraph/core": {
      "resolved": "packages/core",
      "link": true
    },
    "node_modules/@codegraph/language-intelligence": {
      "resolved": "packages/language-intelligence",
      "link": true
    },
    "node_modules/@codegraph/model-gateway": {
      "resolved": "packages/model-gateway",
      "link": true
    },
    "node_modules/@codegraph/protocol": {
      "resolved": "packages/protocol",
      "link": true
    },
    "node_modules/@codegraph/runtime": {
      "resolved": "apps/runtime",
      "link": true
    },
    "node_modules/@codegraph/security": {
      "resolved": "packages/security",
      "link": true
    },
    "node_modules/@codegraph/workspace": {
      "resolved": "packages/workspace",
      "link": true
    },
    "node_modules/@types/node": {
      "version": "24.13.3",
      "resolved": "https://registry.npmjs.org/@types/node/-/node-24.13.3.tgz",
      "integrity": "sha512-Dh8vAsV36ig5wa9OX4pXvMc9D3Veibfw2wix0CUwYODLD8nkj9UsLjASr49nPg+2eKzxhBV+v7L8pXvT4e639Q==",
      "dev": true,
      "license": "MIT",
      "dependencies": {
        "undici-types": "~7.18.0"
      }
    },
    "node_modules/@types/vscode": {
      "version": "1.125.0",
      "resolved": "https://registry.npmjs.org/@types/vscode/-/vscode-1.125.0.tgz",
      "integrity": "sha512-0icm/ZQAaism87P0ekHqi4/Ju9du+Tm0RUW+y7vqRsxY2cY0FNRX1nAnaW7nT6npPt2tfHiheZ55Zm9UhqonFA==",
      "dev": true,
      "license": "MIT"
    },
    "node_modules/codegraph-ide-vscode": {
      "resolved": "apps/ide-vscode",
      "link": true
    },
    "node_modules/typescript": {
      "version": "5.9.3",
      "resolved": "https://registry.npmjs.org/typescript/-/typescript-5.9.3.tgz",
      "integrity": "sha512-jl1vZzPDinLr9eUt3J/t7V6FgNEw9QjvBPdysz9KfQDD41fQrC2Y4vKQdiaUpFT4bXlb1RHhLpp8wtm6M5TgSw==",
      "dev": true,
      "license": "Apache-2.0",
      "bin": {
        "tsc": "bin/tsc",
        "tsserver": "bin/tsserver"
      },
      "engines": {
        "node": ">=14.17"
      }
    },
    "node_modules/undici-types": {
      "version": "7.18.2",
      "resolved": "https://registry.npmjs.org/undici-types/-/undici-types-7.18.2.tgz",
      "integrity": "sha512-AsuCzffGHJybSaRrmr5eHr81mwJU3kjw6M+uprWvCXiNeN9SOGwQ3Jn8jb8m3Z6izVgknn1R0FTCEAP2QrLY/w==",
      "dev": true,
      "license": "MIT"
    },
    "packages/core": {
      "name": "@codegraph/core",
      "version": "0.1.0",
      "dependencies": {
        "@codegraph/language-intelligence": "0.1.0",
        "@codegraph/protocol": "0.1.0",
        "@codegraph/security": "0.1.0",
        "@codegraph/workspace": "0.1.0"
      }
    },
    "packages/language-intelligence": {
      "name": "@codegraph/language-intelligence",
      "version": "0.1.0"
    },
    "packages/model-gateway": {
      "name": "@codegraph/model-gateway",
      "version": "0.1.0",
      "dependencies": {
        "@codegraph/protocol": "0.1.0"
      }
    },
    "packages/protocol": {
      "name": "@codegraph/protocol",
      "version": "0.1.0"
    },
    "packages/security": {
      "name": "@codegraph/security",
      "version": "0.1.0",
      "dependencies": {
        "@codegraph/protocol": "0.1.0",
        "@codegraph/workspace": "0.1.0"
      }
    },
    "packages/workspace": {
      "name": "@codegraph/workspace",
      "version": "0.1.0",
      "dependencies": {
        "@codegraph/protocol": "0.1.0"
      }
    }
  }
}
